
Microsoft Visual Studio Solution File, Format Version 12.00
# Visual Studio Version 17
VisualStudioVersion = 17.14.36202.13
MinimumVisualStudioVersion = 10.0.40219.1
Project("{FAE04EC0-301F-11D3-BF4B-00C04F79EFBC}") = "Accidenta.Api", "Accidenta.Api\Accidenta.Api.csproj", "{FE979A15-96ED-4A89-848E-BBE72BB3CC9A}"
EndProject
Project("{FAE04EC0-301F-11D3-BF4B-00C04F79EFBC}") = "Accidenta.Application", "Accidenta.Application\Accidenta.Application.csproj", "{6322603C-774D-4007-B107-674CE3AA0C08}"
EndProject
Project("{FAE04EC0-301F-11D3-BF4B-00C04F79EFBC}") = "Accidenta.Domain", "Accidenta.Domain\Accidenta.Domain.csproj", "{265BF300-7EE7-4279-9053-2D664DFA70F4}"
EndProject
Project("{FAE04EC0-301F-11D3-BF4B-00C04F79EFBC}") = "Accidenta.Infrastructure", "Accidenta.Infrastructure\Accidenta.Infrastructure.csproj", "{BF8DADF6-C412-4212-95DE-085D45D8D476}"
EndProject
Project("{FAE04EC0-301F-11D3-BF4B-00C04F79EFBC}") = "Accidenta.Application.Tests", "Accidenta.Application.Tests\Accidenta.Application.Tests.csproj", "{0AF3DA8E-3D0E-4F85-B1D7-7D2D1A860F7C}"
EndProject
Global
	GlobalSection(SolutionConfigurationPlatforms) = preSolution
		Debug|Any CPU = Debug|Any CPU
		Release|Any CPU = Release|Any CPU
	EndGlobalSection
	GlobalSection(ProjectConfigurationPlatforms) = postSolution
		{FE979A15-96ED-4A89-848E-BBE72BB3CC9A}.Debug|Any CPU.ActiveCfg = Debug|Any CPU
		{FE979A15-96ED-4A89-848E-BBE72BB3CC9A}.Debug|Any CPU.Build.0 = Debug|Any CPU
		{FE979A15-96ED-4A89-848E-BBE72BB3CC9A}.Release|Any CPU.ActiveCfg = Release|Any CPU
		{FE979A15-96ED-4A89-848E-BBE72BB3CC9A}.Release|Any CPU.Build.0 = Release|Any CPU
		{6322603C-774D-4007-B107-674CE3AA0C08}.Debug|Any CPU.ActiveCfg = Debug|Any CPU
		{6322603C-774D-4007-B107-674CE3AA0C08}.Debug|Any CPU.Build.0 = Debug|Any CPU
		{6322603C-774D-4007-B107-674CE3AA0C08}.Release|Any CPU.ActiveCfg = Release|Any CPU
		{6322603C-774D-4007-B107-674CE3AA0C08}.Release|Any CPU.Build.0 = Release|Any CPU
		{265BF300-7EE7-4279-9053-2D664DFA70F4}.Debug|Any CPU.ActiveCfg = Debug|Any CPU
		{265BF300-7EE7-4279-9053-2D664DFA70F4}.Debug|Any CPU.Build.0 = Debug|Any CPU
		{265BF300-7EE7-4279-9053-2D664DFA70F4}.Release|Any CPU.ActiveCfg = Release|Any CPU
		{265BF300-7EE7-4279-9053-2D664DFA70F4}.Release|Any CPU.Build.0 = Release|Any CPU
		{BF8DADF6-C412-4212-95DE-085D45D8D476}.Debug|Any CPU.ActiveCfg = Debug|Any CPU
		{BF8DADF6-C412-4212-95DE-085D45D8D476}.Debug|Any CPU.Build.0 = Debug|Any CPU
		{BF8DADF6-C412-4212-95DE-085D45D8D476}.Release|Any CPU.ActiveCfg = Release|Any CPU
		{BF8DADF6-C412-4212-95DE-085D45D8D476}.Release|Any CPU.Build.0 = Release|Any CPU
		{0AF3DA8E-3D0E-4F85-B1D7-7D2D1A860F7C}.Debug|Any CPU.ActiveCfg = Debug|Any CPU
		{0AF3DA8E-3D0E-4F85-B1D7-7D2D1A860F7C}.Debug|Any CPU.Build.0 = Debug|Any CPU
		{0AF3DA8E-3D0E-4F85-B1D7-7D2D1A860F7C}.Release|Any CPU.ActiveCfg = Release|Any CPU
		{0AF3DA8E-3D0E-4F85-B1D7-7D2D1A860F7C}.Release|Any CPU.Build.0 = Release|Any CPU
	EndGlobalSection
	GlobalSection(SolutionProperties) = preSolution
		HideSolutionNode = FALSE
	EndGlobalSection
	GlobalSection(ExtensibilityGlobals) = postSolution
		SolutionGuid = {AE137433-9000-4ACC-83EA-CA9F44629D80}
	EndGlobalSection
EndGlobal
